PODS:
  - CocoaAsyncSocket (7.6.0)
  - FMDB (2.6.2):
    - FMDB/standard (= 2.6.2)
  - FMDB/standard (2.6.2)

DEPENDENCIES:
  - CocoaAsyncSocket
  - FMDB

SPEC CHECKSUMS:
  CocoaAsyncSocket: b9d5589f07baf9de8f34cc25abd4fcba28f13805
  FMDB: 854a0341b4726e53276f2a8996f06f1b80f9259a

PODFILE CHECKSUM: 2a83a239d4ba81debc415c3077901d0d739f2ef2

COCOAPODS: 1.2.0
